
Microsoft Visual Studio Solution File, Format Version 12.00
# Visual Studio 14
VisualStudioVersion = 14.0.25420.1
MinimumVisualStudioVersion = 10.0.40219.1
Project("{FAE04EC0-301F-11D3-BF4B-00C04F79EFBC}") = "ClassLibrary", "ClassLibrary\ClassLibrary.csproj", "{001CD928-93C1-4874-ABC5-F5582CB8FBDA}"
EndProject
Project("{FAE04EC0-301F-11D3-BF4B-00C04F79EFBC}") = "lab8", "lab8\lab8.csproj", "{D54BC7BC-A57C-4DD1-89D7-EC1361716452}"
EndProject
Project("{FAE04EC0-301F-11D3-BF4B-00C04F79EFBC}") = "lab8(XML)", "lab8(XML)\lab8(XML).csproj", "{4533BDB1-B9D5-4CDF-B079-0731E0B1E589}"
EndProject
Project("{FAE04EC0-301F-11D3-BF4B-00C04F79EFBC}") = "lab8(JSON)", "lab8(JOIN)\lab8(JSON).csproj", "{0C86E7AD-4CFE-4106-ABCF-78D78F48925F}"
EndProject
Global
	GlobalSection(SolutionConfigurationPlatforms) = preSolution
		Debug|Any CPU = Debug|Any CPU
		Release|Any CPU = Release|Any CPU
	EndGlobalSection
	GlobalSection(ProjectConfigurationPlatforms) = postSolution
		{001CD928-93C1-4874-ABC5-F5582CB8FBDA}.Debug|Any CPU.ActiveCfg = Debug|Any CPU
		{001CD928-93C1-4874-ABC5-F5582CB8FBDA}.Debug|Any CPU.Build.0 = Debug|Any CPU
		{001CD928-93C1-4874-ABC5-F5582CB8FBDA}.Release|Any CPU.ActiveCfg = Release|Any CPU
		{001CD928-93C1-4874-ABC5-F5582CB8FBDA}.Release|Any CPU.Build.0 = Release|Any CPU
		{D54BC7BC-A57C-4DD1-89D7-EC1361716452}.Debug|Any CPU.ActiveCfg = Debug|Any CPU
		{D54BC7BC-A57C-4DD1-89D7-EC1361716452}.Debug|Any CPU.Build.0 = Debug|Any CPU
		{D54BC7BC-A57C-4DD1-89D7-EC1361716452}.Release|Any CPU.ActiveCfg = Release|Any CPU
		{D54BC7BC-A57C-4DD1-89D7-EC1361716452}.Release|Any CPU.Build.0 = Release|Any CPU
		{4533BDB1-B9D5-4CDF-B079-0731E0B1E589}.Debug|Any CPU.ActiveCfg = Debug|Any CPU
		{4533BDB1-B9D5-4CDF-B079-0731E0B1E589}.Debug|Any CPU.Build.0 = Debug|Any CPU
		{4533BDB1-B9D5-4CDF-B079-0731E0B1E589}.Release|Any CPU.ActiveCfg = Release|Any CPU
		{4533BDB1-B9D5-4CDF-B079-0731E0B1E589}.Release|Any CPU.Build.0 = Release|Any CPU
		{0C86E7AD-4CFE-4106-ABCF-78D78F48925F}.Debug|Any CPU.ActiveCfg = Debug|Any CPU
		{0C86E7AD-4CFE-4106-ABCF-78D78F48925F}.Debug|Any CPU.Build.0 = Debug|Any CPU
		{0C86E7AD-4CFE-4106-ABCF-78D78F48925F}.Release|Any CPU.ActiveCfg = Release|Any CPU
		{0C86E7AD-4CFE-4106-ABCF-78D78F48925F}.Release|Any CPU.Build.0 = Release|Any CPU
	EndGlobalSection
	GlobalSection(SolutionProperties) = preSolution
		HideSolutionNode = FALSE
	EndGlobalSection
EndGlobal
